
Microsoft Visual Studio Solution File, Format Version 12.00
# Visual Studio Version 17
VisualStudioVersion = 17.7.34031.279
MinimumVisualStudioVersion = 10.0.40219.1
Project("{FAE04EC0-301F-11D3-BF4B-00C04F79EFBC}") = "Lesson_1", "Lesson_1\Lesson_1.csproj", "{9E92B62A-2AB7-4363-AB11-4492F69BC75F}"
EndProject
Project("{FAE04EC0-301F-11D3-BF4B-00C04F79EFBC}") = "Lesson_2", "Lesson_2\Lesson_2.csproj", "{B8CC98A0-64FB-4E3F-878D-99687A208411}"
EndProject
Project("{FAE04EC0-301F-11D3-BF4B-00C04F79EFBC}") = "Helpers", "Helpers\Helpers.csproj", "{3CFBB7BA-E554-4B70-9F3A-3F87EA138984}"
EndProject
Project("{FAE04EC0-301F-11D3-BF4B-00C04F79EFBC}") = "Lesson_3", "Lesson_3\Lesson_3.csproj", "{A194E02C-391D-44BE-9DFD-B835252A5030}"
EndProject
Project("{FAE04EC0-301F-11D3-BF4B-00C04F79EFBC}") = "Lesson_4", "Lesson_4\Lesson_4.csproj", "{395EC677-2883-4F31-BBF4-99B0D25E14C0}"
EndProject
Global
	GlobalSection(SolutionConfigurationPlatforms) = preSolution
		Debug|Any CPU = Debug|Any CPU
		Release|Any CPU = Release|Any CPU
	EndGlobalSection
	GlobalSection(ProjectConfigurationPlatforms) = postSolution
		{9E92B62A-2AB7-4363-AB11-4492F69BC75F}.Debug|Any CPU.ActiveCfg = Debug|Any CPU
		{9E92B62A-2AB7-4363-AB11-4492F69BC75F}.Debug|Any CPU.Build.0 = Debug|Any CPU
		{9E92B62A-2AB7-4363-AB11-4492F69BC75F}.Release|Any CPU.ActiveCfg = Release|Any CPU
		{9E92B62A-2AB7-4363-AB11-4492F69BC75F}.Release|Any CPU.Build.0 = Release|Any CPU
		{B8CC98A0-64FB-4E3F-878D-99687A208411}.Debug|Any CPU.ActiveCfg = Debug|Any CPU
		{B8CC98A0-64FB-4E3F-878D-99687A208411}.Debug|Any CPU.Build.0 = Debug|Any CPU
		{B8CC98A0-64FB-4E3F-878D-99687A208411}.Release|Any CPU.ActiveCfg = Release|Any CPU
		{B8CC98A0-64FB-4E3F-878D-99687A208411}.Release|Any CPU.Build.0 = Release|Any CPU
		{3CFBB7BA-E554-4B70-9F3A-3F87EA138984}.Debug|Any CPU.ActiveCfg = Debug|Any CPU
		{3CFBB7BA-E554-4B70-9F3A-3F87EA138984}.Debug|Any CPU.Build.0 = Debug|Any CPU
		{3CFBB7BA-E554-4B70-9F3A-3F87EA138984}.Release|Any CPU.ActiveCfg = Release|Any CPU
		{3CFBB7BA-E554-4B70-9F3A-3F87EA138984}.Release|Any CPU.Build.0 = Release|Any CPU
		{A194E02C-391D-44BE-9DFD-B835252A5030}.Debug|Any CPU.ActiveCfg = Debug|Any CPU
		{A194E02C-391D-44BE-9DFD-B835252A5030}.Debug|Any CPU.Build.0 = Debug|Any CPU
		{A194E02C-391D-44BE-9DFD-B835252A5030}.Release|Any CPU.ActiveCfg = Release|Any CPU
		{A194E02C-391D-44BE-9DFD-B835252A5030}.Release|Any CPU.Build.0 = Release|Any CPU
		{395EC677-2883-4F31-BBF4-99B0D25E14C0}.Debug|Any CPU.ActiveCfg = Debug|Any CPU
		{395EC677-2883-4F31-BBF4-99B0D25E14C0}.Debug|Any CPU.Build.0 = Debug|Any CPU
		{395EC677-2883-4F31-BBF4-99B0D25E14C0}.Release|Any CPU.ActiveCfg = Release|Any CPU
		{395EC677-2883-4F31-BBF4-99B0D25E14C0}.Release|Any CPU.Build.0 = Release|Any CPU
	EndGlobalSection
	GlobalSection(SolutionProperties) = preSolution
		HideSolutionNode = FALSE
	EndGlobalSection
	GlobalSection(ExtensibilityGlobals) = postSolution
		SolutionGuid = {44440343-843E-4D52-8994-059C14514FEC}
	EndGlobalSection
EndGlobal
